
Microsoft Visual Studio Solution File, Format Version 12.00
# Visual Studio 15
VisualStudioVersion = 15.0.26730.15
MinimumVisualStudioVersion = 10.0.40219.1
Project("{FAE04EC0-301F-11D3-BF4B-00C04F79EFBC}") = "Solution", "Solution\Solution.csproj", "{69DF66C2-2348-4D95-A25A-33DE61B72AFB}"
EndProject
Global
	GlobalSection(SolutionConfigurationPlatforms) = preSolution
		Debug|Any CPU = Debug|Any CPU
		Release|Any CPU = Release|Any CPU
	EndGlobalSection
	GlobalSection(ProjectConfigurationPlatforms) = postSolution
		{69DF66C2-2348-4D95-A25A-33DE61B72AFB}.Debug|Any CPU.ActiveCfg = Debug|Any CPU
		{69DF66C2-2348-4D95-A25A-33DE61B72AFB}.Debug|Any CPU.Build.0 = Debug|Any CPU
		{69DF66C2-2348-4D95-A25A-33DE61B72AFB}.Release|Any CPU.ActiveCfg = Release|Any CPU
		{69DF66C2-2348-4D95-A25A-33DE61B72AFB}.Release|Any CPU.Build.0 = Release|Any CPU
	EndGlobalSection
	GlobalSection(SolutionProperties) = preSolution
		HideSolutionNode = FALSE
	EndGlobalSection
	GlobalSection(ExtensibilityGlobals) = postSolution
		SolutionGuid = {13638E96-A269-4D66-83C2-2643BE5F4A92}
	EndGlobalSection
EndGlobal
